
Microsoft Visual Studio Solution File, Format Version 12.00
# Visual Studio Version 17
VisualStudioVersion = 17.0.31903.59
MinimumVisualStudioVersion = 10.0.40219.1
Project("{2150E333-8FDC-42A3-9474-1A3956D46DE8}") = "src", "src", "{827E0CD3-B72D-47B6-A68D-7590B98EB39B}"
EndProject
Project("{FAE04EC0-301F-11D3-BF4B-00C04F79EFBC}") = "ApiGateway", "src\ApiGateway\ApiGateway.csproj", "{B3C27175-1006-45B0-A1D9-51D04BBFCDB7}"
EndProject
Project("{FAE04EC0-301F-11D3-BF4B-00C04F79EFBC}") = "Shared", "src\Shared\Shared.csproj", "{32A37A67-31FC-441B-B51B-F93138AF0949}"
EndProject
Project("{2150E333-8FDC-42A3-9474-1A3956D46DE8}") = "Services", "Services", "{984BB9B3-3FA3-BE33-9484-CAC21695A33C}"
EndProject
Project("{2150E333-8FDC-42A3-9474-1A3956D46DE8}") = "ProductService", "ProductService", "{C956A69C-8222-8E0F-7E05-45145B4D88F9}"
EndProject
Project("{FAE04EC0-301F-11D3-BF4B-00C04F79EFBC}") = "ProductService.Domain", "src\Services\ProductService\ProductService.Domain\ProductService.Domain.csproj", "{BB7EFC23-B566-4F77-A558-1CA9BE38B617}"
EndProject
Project("{FAE04EC0-301F-11D3-BF4B-00C04F79EFBC}") = "ProductService.Application", "src\Services\ProductService\ProductService.Application\ProductService.Application.csproj", "{8D463481-C3AC-4789-9170-E7B530D79D81}"
EndProject
Project("{FAE04EC0-301F-11D3-BF4B-00C04F79EFBC}") = "ProductService.Infrastructure", "src\Services\ProductService\ProductService.Infrastructure\ProductService.Infrastructure.csproj", "{1985E985-4A1C-4DE1-AC87-1B5A39FE2000}"
EndProject
Project("{FAE04EC0-301F-11D3-BF4B-00C04F79EFBC}") = "ProductService.Api", "src\Services\ProductService\ProductService.Api\ProductService.Api.csproj", "{DD622B5D-B7C2-42C8-B560-090C52B202DD}"
EndProject
Project("{2150E333-8FDC-42A3-9474-1A3956D46DE8}") = "test", "test", "{0C88DD14-F956-CE84-757C-A364CCF449FC}"
EndProject
Project("{2150E333-8FDC-42A3-9474-1A3956D46DE8}") = "Services", "Services", "{D4DC8B30-D5A0-C8D9-D466-12033FC70F77}"
EndProject
Project("{2150E333-8FDC-42A3-9474-1A3956D46DE8}") = "ProductService", "ProductService", "{1141C5B0-E401-0EBF-5C7B-108693F29932}"
EndProject
Project("{FAE04EC0-301F-11D3-BF4B-00C04F79EFBC}") = "ProductService.UnitTests", "test\Services\ProductService\ProductService.UnitTests\ProductService.UnitTests.csproj", "{39F7DAC4-2C9F-4D9D-934D-374247010D28}"
EndProject
Project("{FAE04EC0-301F-11D3-BF4B-00C04F79EFBC}") = "ProductService.IntegrationTests", "test\Services\ProductService\ProductService.IntegrationTests\ProductService.IntegrationTests.csproj", "{D6D6396C-C40C-48FB-9BC8-C3FDF94B7229}"
EndProject
Global
	GlobalSection(SolutionConfigurationPlatforms) = preSolution
		Debug|Any CPU = Debug|Any CPU
		Debug|x64 = Debug|x64
		Debug|x86 = Debug|x86
		Release|Any CPU = Release|Any CPU
		Release|x64 = Release|x64
		Release|x86 = Release|x86
	EndGlobalSection
	GlobalSection(ProjectConfigurationPlatforms) = postSolution
		{B3C27175-1006-45B0-A1D9-51D04BBFCDB7}.Debug|Any CPU.ActiveCfg = Debug|Any CPU
		{B3C27175-1006-45B0-A1D9-51D04BBFCDB7}.Debug|Any CPU.Build.0 = Debug|Any CPU
		{B3C27175-1006-45B0-A1D9-51D04BBFCDB7}.Debug|x64.ActiveCfg = Debug|Any CPU
		{B3C27175-1006-45B0-A1D9-51D04BBFCDB7}.Debug|x64.Build.0 = Debug|Any CPU
		{B3C27175-1006-45B0-A1D9-51D04BBFCDB7}.Debug|x86.ActiveCfg = Debug|Any CPU
		{B3C27175-1006-45B0-A1D9-51D04BBFCDB7}.Debug|x86.Build.0 = Debug|Any CPU
		{B3C27175-1006-45B0-A1D9-51D04BBFCDB7}.Release|Any CPU.ActiveCfg = Release|Any CPU
		{B3C27175-1006-45B0-A1D9-51D04BBFCDB7}.Release|Any CPU.Build.0 = Release|Any CPU
		{B3C27175-1006-45B0-A1D9-51D04BBFCDB7}.Release|x64.ActiveCfg = Release|Any CPU
		{B3C27175-1006-45B0-A1D9-51D04BBFCDB7}.Release|x64.Build.0 = Release|Any CPU
		{B3C27175-1006-45B0-A1D9-51D04BBFCDB7}.Release|x86.ActiveCfg = Release|Any CPU
		{B3C27175-1006-45B0-A1D9-51D04BBFCDB7}.Release|x86.Build.0 = Release|Any CPU
		{32A37A67-31FC-441B-B51B-F93138AF0949}.Debug|Any CPU.ActiveCfg = Debug|Any CPU
		{32A37A67-31FC-441B-B51B-F93138AF0949}.Debug|Any CPU.Build.0 = Debug|Any CPU
		{32A37A67-31FC-441B-B51B-F93138AF0949}.Debug|x64.ActiveCfg = Debug|Any CPU
		{32A37A67-31FC-441B-B51B-F93138AF0949}.Debug|x64.Build.0 = Debug|Any CPU
		{32A37A67-31FC-441B-B51B-F93138AF0949}.Debug|x86.ActiveCfg = Debug|Any CPU
		{32A37A67-31FC-441B-B51B-F93138AF0949}.Debug|x86.Build.0 = Debug|Any CPU
		{32A37A67-31FC-441B-B51B-F93138AF0949}.Release|Any CPU.ActiveCfg = Release|Any CPU
		{32A37A67-31FC-441B-B51B-F93138AF0949}.Release|Any CPU.Build.0 = Release|Any CPU
		{32A37A67-31FC-441B-B51B-F93138AF0949}.Release|x64.ActiveCfg = Release|Any CPU
		{32A37A67-31FC-441B-B51B-F93138AF0949}.Release|x64.Build.0 = Release|Any CPU
		{32A37A67-31FC-441B-B51B-F93138AF0949}.Release|x86.ActiveCfg = Release|Any CPU
		{32A37A67-31FC-441B-B51B-F93138AF0949}.Release|x86.Build.0 = Release|Any CPU
		{BB7EFC23-B566-4F77-A558-1CA9BE38B617}.Debug|Any CPU.ActiveCfg = Debug|Any CPU
		{BB7EFC23-B566-4F77-A558-1CA9BE38B617}.Debug|Any CPU.Build.0 = Debug|Any CPU
		{BB7EFC23-B566-4F77-A558-1CA9BE38B617}.Debug|x64.ActiveCfg = Debug|Any CPU
		{BB7EFC23-B566-4F77-A558-1CA9BE38B617}.Debug|x64.Build.0 = Debug|Any CPU
		{BB7EFC23-B566-4F77-A558-1CA9BE38B617}.Debug|x86.ActiveCfg = Debug|Any CPU
		{BB7EFC23-B566-4F77-A558-1CA9BE38B617}.Debug|x86.Build.0 = Debug|Any CPU
		{BB7EFC23-B566-4F77-A558-1CA9BE38B617}.Release|Any CPU.ActiveCfg = Release|Any CPU
		{BB7EFC23-B566-4F77-A558-1CA9BE38B617}.Release|Any CPU.Build.0 = Release|Any CPU
		{BB7EFC23-B566-4F77-A558-1CA9BE38B617}.Release|x64.ActiveCfg = Release|Any CPU
		{BB7EFC23-B566-4F77-A558-1CA9BE38B617}.Release|x64.Build.0 = Release|Any CPU
		{BB7EFC23-B566-4F77-A558-1CA9BE38B617}.Release|x86.ActiveCfg = Release|Any CPU
		{BB7EFC23-B566-4F77-A558-1CA9BE38B617}.Release|x86.Build.0 = Release|Any CPU
		{8D463481-C3AC-4789-9170-E7B530D79D81}.Debug|Any CPU.ActiveCfg = Debug|Any CPU
		{8D463481-C3AC-4789-9170-E7B530D79D81}.Debug|Any CPU.Build.0 = Debug|Any CPU
		{8D463481-C3AC-4789-9170-E7B530D79D81}.Debug|x64.ActiveCfg = Debug|Any CPU
		{8D463481-C3AC-4789-9170-E7B530D79D81}.Debug|x64.Build.0 = Debug|Any CPU
		{8D463481-C3AC-4789-9170-E7B530D79D81}.Debug|x86.ActiveCfg = Debug|Any CPU
		{8D463481-C3AC-4789-9170-E7B530D79D81}.Debug|x86.Build.0 = Debug|Any CPU
		{8D463481-C3AC-4789-9170-E7B530D79D81}.Release|Any CPU.ActiveCfg = Release|Any CPU
		{8D463481-C3AC-4789-9170-E7B530D79D81}.Release|Any CPU.Build.0 = Release|Any CPU
		{8D463481-C3AC-4789-9170-E7B530D79D81}.Release|x64.ActiveCfg = Release|Any CPU
		{8D463481-C3AC-4789-9170-E7B530D79D81}.Release|x64.Build.0 = Release|Any CPU
		{8D463481-C3AC-4789-9170-E7B530D79D81}.Release|x86.ActiveCfg = Release|Any CPU
		{8D463481-C3AC-4789-9170-E7B530D79D81}.Release|x86.Build.0 = Release|Any CPU
		{1985E985-4A1C-4DE1-AC87-1B5A39FE2000}.Debug|Any CPU.ActiveCfg = Debug|Any CPU
		{1985E985-4A1C-4DE1-AC87-1B5A39FE2000}.Debug|Any CPU.Build.0 = Debug|Any CPU
		{1985E985-4A1C-4DE1-AC87-1B5A39FE2000}.Debug|x64.ActiveCfg = Debug|Any CPU
		{1985E985-4A1C-4DE1-AC87-1B5A39FE2000}.Debug|x64.Build.0 = Debug|Any CPU
		{1985E985-4A1C-4DE1-AC87-1B5A39FE2000}.Debug|x86.ActiveCfg = Debug|Any CPU
		{1985E985-4A1C-4DE1-AC87-1B5A39FE2000}.Debug|x86.Build.0 = Debug|Any CPU
		{1985E985-4A1C-4DE1-AC87-1B5A39FE2000}.Release|Any CPU.ActiveCfg = Release|Any CPU
		{1985E985-4A1C-4DE1-AC87-1B5A39FE2000}.Release|Any CPU.Build.0 = Release|Any CPU
		{1985E985-4A1C-4DE1-AC87-1B5A39FE2000}.Release|x64.ActiveCfg = Release|Any CPU
		{1985E985-4A1C-4DE1-AC87-1B5A39FE2000}.Release|x64.Build.0 = Release|Any CPU
		{1985E985-4A1C-4DE1-AC87-1B5A39FE2000}.Release|x86.ActiveCfg = Release|Any CPU
		{1985E985-4A1C-4DE1-AC87-1B5A39FE2000}.Release|x86.Build.0 = Release|Any CPU
		{DD622B5D-B7C2-42C8-B560-090C52B202DD}.Debug|Any CPU.ActiveCfg = Debug|Any CPU
		{DD622B5D-B7C2-42C8-B560-090C52B202DD}.Debug|Any CPU.Build.0 = Debug|Any CPU
		{DD622B5D-B7C2-42C8-B560-090C52B202DD}.Debug|x64.ActiveCfg = Debug|Any CPU
		{DD622B5D-B7C2-42C8-B560-090C52B202DD}.Debug|x64.Build.0 = Debug|Any CPU
		{DD622B5D-B7C2-42C8-B560-090C52B202DD}.Debug|x86.ActiveCfg = Debug|Any CPU
		{DD622B5D-B7C2-42C8-B560-090C52B202DD}.Debug|x86.Build.0 = Debug|Any CPU
		{DD622B5D-B7C2-42C8-B560-090C52B202DD}.Release|Any CPU.ActiveCfg = Release|Any CPU
		{DD622B5D-B7C2-42C8-B560-090C52B202DD}.Release|Any CPU.Build.0 = Release|Any CPU
		{DD622B5D-B7C2-42C8-B560-090C52B202DD}.Release|x64.ActiveCfg = Release|Any CPU
		{DD622B5D-B7C2-42C8-B560-090C52B202DD}.Release|x64.Build.0 = Release|Any CPU
		{DD622B5D-B7C2-42C8-B560-090C52B202DD}.Release|x86.ActiveCfg = Release|Any CPU
		{DD622B5D-B7C2-42C8-B560-090C52B202DD}.Release|x86.Build.0 = Release|Any CPU
		{39F7DAC4-2C9F-4D9D-934D-374247010D28}.Debug|Any CPU.ActiveCfg = Debug|Any CPU
		{39F7DAC4-2C9F-4D9D-934D-374247010D28}.Debug|Any CPU.Build.0 = Debug|Any CPU
		{39F7DAC4-2C9F-4D9D-934D-374247010D28}.Debug|x64.ActiveCfg = Debug|Any CPU
		{39F7DAC4-2C9F-4D9D-934D-374247010D28}.Debug|x64.Build.0 = Debug|Any CPU
		{39F7DAC4-2C9F-4D9D-934D-374247010D28}.Debug|x86.ActiveCfg = Debug|Any CPU
		{39F7DAC4-2C9F-4D9D-934D-374247010D28}.Debug|x86.Build.0 = Debug|Any CPU
		{39F7DAC4-2C9F-4D9D-934D-374247010D28}.Release|Any CPU.ActiveCfg = Release|Any CPU
		{39F7DAC4-2C9F-4D9D-934D-374247010D28}.Release|Any CPU.Build.0 = Release|Any CPU
		{39F7DAC4-2C9F-4D9D-934D-374247010D28}.Release|x64.ActiveCfg = Release|Any CPU
		{39F7DAC4-2C9F-4D9D-934D-374247010D28}.Release|x64.Build.0 = Release|Any CPU
		{39F7DAC4-2C9F-4D9D-934D-374247010D28}.Release|x86.ActiveCfg = Release|Any CPU
		{39F7DAC4-2C9F-4D9D-934D-374247010D28}.Release|x86.Build.0 = Release|Any CPU
		{D6D6396C-C40C-48FB-9BC8-C3FDF94B7229}.Debug|Any CPU.ActiveCfg = Debug|Any CPU
		{D6D6396C-C40C-48FB-9BC8-C3FDF94B7229}.Debug|Any CPU.Build.0 = Debug|Any CPU
		{D6D6396C-C40C-48FB-9BC8-C3FDF94B7229}.Debug|x64.ActiveCfg = Debug|Any CPU
		{D6D6396C-C40C-48FB-9BC8-C3FDF94B7229}.Debug|x64.Build.0 = Debug|Any CPU
		{D6D6396C-C40C-48FB-9BC8-C3FDF94B7229}.Debug|x86.ActiveCfg = Debug|Any CPU
		{D6D6396C-C40C-48FB-9BC8-C3FDF94B7229}.Debug|x86.Build.0 = Debug|Any CPU
		{D6D6396C-C40C-48FB-9BC8-C3FDF94B7229}.Release|Any CPU.ActiveCfg = Release|Any CPU
		{D6D6396C-C40C-48FB-9BC8-C3FDF94B7229}.Release|Any CPU.Build.0 = Release|Any CPU
		{D6D6396C-C40C-48FB-9BC8-C3FDF94B7229}.Release|x64.ActiveCfg = Release|Any CPU
		{D6D6396C-C40C-48FB-9BC8-C3FDF94B7229}.Release|x64.Build.0 = Release|Any CPU
		{D6D6396C-C40C-48FB-9BC8-C3FDF94B7229}.Release|x86.ActiveCfg = Release|Any CPU
		{D6D6396C-C40C-48FB-9BC8-C3FDF94B7229}.Release|x86.Build.0 = Release|Any CPU
	EndGlobalSection
	GlobalSection(SolutionProperties) = preSolution
		HideSolutionNode = FALSE
	EndGlobalSection
	GlobalSection(NestedProjects) = preSolution
		{B3C27175-1006-45B0-A1D9-51D04BBFCDB7} = {827E0CD3-B72D-47B6-A68D-7590B98EB39B}
		{32A37A67-31FC-441B-B51B-F93138AF0949} = {827E0CD3-B72D-47B6-A68D-7590B98EB39B}
		{984BB9B3-3FA3-BE33-9484-CAC21695A33C} = {827E0CD3-B72D-47B6-A68D-7590B98EB39B}
		{C956A69C-8222-8E0F-7E05-45145B4D88F9} = {984BB9B3-3FA3-BE33-9484-CAC21695A33C}
		{BB7EFC23-B566-4F77-A558-1CA9BE38B617} = {C956A69C-8222-8E0F-7E05-45145B4D88F9}
		{8D463481-C3AC-4789-9170-E7B530D79D81} = {C956A69C-8222-8E0F-7E05-45145B4D88F9}
		{1985E985-4A1C-4DE1-AC87-1B5A39FE2000} = {C956A69C-8222-8E0F-7E05-45145B4D88F9}
		{DD622B5D-B7C2-42C8-B560-090C52B202DD} = {C956A69C-8222-8E0F-7E05-45145B4D88F9}
		{D4DC8B30-D5A0-C8D9-D466-12033FC70F77} = {0C88DD14-F956-CE84-757C-A364CCF449FC}
		{1141C5B0-E401-0EBF-5C7B-108693F29932} = {D4DC8B30-D5A0-C8D9-D466-12033FC70F77}
		{39F7DAC4-2C9F-4D9D-934D-374247010D28} = {1141C5B0-E401-0EBF-5C7B-108693F29932}
		{D6D6396C-C40C-48FB-9BC8-C3FDF94B7229} = {1141C5B0-E401-0EBF-5C7B-108693F29932}
	EndGlobalSection
EndGlobal
